
Microsoft Visual Studio Solution File, Format Version 12.00
# Visual Studio Version 17
VisualStudioVersion = 17.9.34714.143
MinimumVisualStudioVersion = 10.0.40219.1
Project("{FAE04EC0-301F-11D3-BF4B-00C04F79EFBC}") = "RedisLearn", "RedisLearn\RedisLearn.csproj", "{B0B64B18-CF6F-4720-9ECE-C46051FD1668}"
EndProject
Global
	GlobalSection(SolutionConfigurationPlatforms) = preSolution
		Debug|Any CPU = Debug|Any CPU
		Release|Any CPU = Release|Any CPU
	EndGlobalSection
	GlobalSection(ProjectConfigurationPlatforms) = postSolution
		{B0B64B18-CF6F-4720-9ECE-C46051FD1668}.Debug|Any CPU.ActiveCfg = Debug|Any CPU
		{B0B64B18-CF6F-4720-9ECE-C46051FD1668}.Debug|Any CPU.Build.0 = Debug|Any CPU
		{B0B64B18-CF6F-4720-9ECE-C46051FD1668}.Release|Any CPU.ActiveCfg = Release|Any CPU
		{B0B64B18-CF6F-4720-9ECE-C46051FD1668}.Release|Any CPU.Build.0 = Release|Any CPU
	EndGlobalSection
	GlobalSection(SolutionProperties) = preSolution
		HideSolutionNode = FALSE
	EndGlobalSection
	GlobalSection(ExtensibilityGlobals) = postSolution
		SolutionGuid = {04E4DBEB-76A7-4622-8065-F0657A4DAA11}
	EndGlobalSection
EndGlobal
